<?xml version="1.0" encoding="utf-8"?>
<Project ToolsVersion="4.0" xmlns="http://schemas.microsoft.com/developer/msbuild/2003">
  <ItemGroup>
    <Filter Include="Source Files">
      <UniqueIdentifier>{4FC737F1-C7A5-4376-A066-2A32D752A2FF}</UniqueIdentifier>
      <Extensions>cpp;c;cc;cxx;c++;cppm;ixx;def;odl;idl;hpj;bat;asm;asmx</Extensions>
    </Filter>
    <Filter Include="Header Files">
      <UniqueIdentifier>{93995380-89BD-4b04-88EB-625FBE52EBFB}</UniqueIdentifier>
      <Extensions>h;hh;hpp;hxx;h++;hm;inl;inc;ipp;xsd</Extensions>
    </Filter>
    <Filter Include="Resource Files">
      <UniqueIdentifier>{67DA6AB6-F800-4c08-8B7A-83BB121AAD01}</UniqueIdentifier>
      <Extensions>rc;ico;cur;bmp;dlg;rc2;rct;bin;rgs;gif;jpg;jpeg;jpe;resx;tiff;tif;png;wav;mfcribbon-ms</Extensions>
    </Filter>
    <Filter Include="Test Files">
      <UniqueIdentifier>{e02f0e6c-a2ca-4e13-95f9-f717598dcf5e}</UniqueIdentifier>
    </Filter>
    <Filter Include="WIL">
      <UniqueIdentifier>{ea3d24cd-ba46-4de2-9742-98662271d875}</UniqueIdentifier>
    </Filter>
  </ItemGroup>
  <ItemGroup>
    <ClCompile Include="openwithex.cpp">
      <Filter>Source Files</Filter>
    </ClCompile>
    <ClCompile Include="mui.c">
      <Filter>Source Files</Filter>
    </ClCompile>
    <ClCompile Include="impdialog.cpp">
      <Filter>Source Files</Filter>
    </ClCompile>
    <ClCompile Include="cantopendlg.cpp">
      <Filter>Source Files</Filter>
    </ClCompile>
    <ClCompile Include="openasdlg.cpp">
      <Filter>Source Files</Filter>
    </ClCompile>
    <ClCompile Include="util.cpp">
      <Filter>Source Files</Filter>
    </ClCompile>
    <ClCompile Include="noopendlg.cpp">
      <Filter>Source Files</Filter>
    </ClCompile>
    <ClCompile Include="shellprotectedreglock.cpp">
      <Filter>Source Files</Filter>
    </ClCompile>
    <ClCompile Include="assocuserchoice.cpp">
      <Filter>Source Files</Filter>
    </ClCompile>
    <ClCompile Include="versionhelper.h">
      <Filter>Header Files</Filter>
    </ClCompile>
    <ClCompile Include="test\test_userchoice.cpp">
      <Filter>Test Files</Filter>
    </ClCompile>
    <ClCompile Include="openwithexlauncher.cpp">
      <Filter>Source Files</Filter>
    </ClCompile>
  </ItemGroup>
  <ItemGroup>
    <ResourceCompile Include="openwithex.rc">
      <Filter>Resource Files</Filter>
    </ResourceCompile>
  </ItemGroup>
  <ItemGroup>
    <ClInclude Include="mui.h">
      <Filter>Header Files</Filter>
    </ClInclude>
    <ClInclude Include="openwithex.h">
      <Filter>Header Files</Filter>
    </ClInclude>
    <ClInclude Include="impdialog.h">
      <Filter>Header Files</Filter>
    </ClInclude>
    <ClInclude Include="cantopendlg.h">
      <Filter>Header Files</Filter>
    </ClInclude>
    <ClInclude Include="openasdlg.h">
      <Filter>Header Files</Filter>
    </ClInclude>
    <ClInclude Include="util.h">
      <Filter>Header Files</Filter>
    </ClInclude>
    <ClInclude Include="noopendlg.h">
      <Filter>Header Files</Filter>
    </ClInclude>
    <ClInclude Include="iopenwithlauncher.h">
      <Filter>Header Files</Filter>
    </ClInclude>
    <ClInclude Include="assocuserchoice.h">
      <Filter>Header Files</Filter>
    </ClInclude>
    <ClInclude Include="shellprotectedreglock.h">
      <Filter>Header Files</Filter>
    </ClInclude>
    <ClInclude Include="test\test_userchoice.h">
      <Filter>Test Files</Filter>
    </ClInclude>
    <ClInclude Include="iassochandler_internal.h">
      <Filter>Header Files</Filter>
    </ClInclude>
    <ClInclude Include="raiihelpers.h">
      <Filter>Header Files</Filter>
    </ClInclude>
    <ClInclude Include="openwithexlauncher.h">
      <Filter>Header Files</Filter>
    </ClInclude>
  </ItemGroup>
</Project>