<?xml version="1.0" encoding="utf-8"?>
<Project ToolsVersion="4.0" xmlns="http://schemas.microsoft.com/developer/msbuild/2003">
  <ItemGroup>
    <Filter Include="Source Files">
      <UniqueIdentifier>{4FC737F1-C7A5-4376-A066-2A32D752A2FF}</UniqueIdentifier>
      <Extensions>cpp;c;cc;cxx;c++;cppm;ixx;def;odl;idl;hpj;bat;asm;asmx</Extensions>
    </Filter>
    <Filter Include="Resource Files">
      <UniqueIdentifier>{67DA6AB6-F800-4c08-8B7A-83BB121AAD01}</UniqueIdentifier>
      <Extensions>rc;ico;cur;bmp;dlg;rc2;rct;bin;rgs;gif;jpg;jpeg;jpe;resx;tiff;tif;png;wav;mfcribbon-ms</Extensions>
    </Filter>
    <Filter Include="Header Files">
      <UniqueIdentifier>{93995380-89BD-4b04-88EB-625FBE52EBFB}</UniqueIdentifier>
      <Extensions>h;hh;hpp;hxx;h++;hm;inl;inc;ipp;xsd</Extensions>
    </Filter>
    <Filter Include="Module Definition Files">
      <UniqueIdentifier>{a2ad286c-80e9-41a8-ae3c-b5ac5012ce92}</UniqueIdentifier>
    </Filter>
  </ItemGroup>
  <ItemGroup>
    <ResourceCompile Include="openwithex.rc">
      <Filter>Resource Files</Filter>
    </ResourceCompile>
    <ResourceCompile Include="openwithex.en-US.rc">
      <Filter>Resource Files</Filter>
    </ResourceCompile>
    <ResourceCompile Include="openwithex.es-ES.rc">
      <Filter>Resource Files</Filter>
    </ResourceCompile>
    <ResourceCompile Include="openwithex.ja-JP.rc">
      <Filter>Resource Files</Filter>
    </ResourceCompile>
    <ResourceCompile Include="openwithex.ko-KR.rc">
      <Filter>Resource Files</Filter>
    </ResourceCompile>
    <ResourceCompile Include="openwithex.pl-PL.rc">
      <Filter>Resource Files</Filter>
    </ResourceCompile>
    <ResourceCompile Include="openwithex.pt-BR.rc">
      <Filter>Resource Files</Filter>
    </ResourceCompile>
    <ResourceCompile Include="openwithex.ru-RU.rc">
      <Filter>Resource Files</Filter>
    </ResourceCompile>
    <ResourceCompile Include="openwithex.tr-TR.rc">
      <Filter>Resource Files</Filter>
    </ResourceCompile>
  </ItemGroup>
  <ItemGroup>
    <ClInclude Include="resource.h">
      <Filter>Header Files</Filter>
    </ClInclude>
    <ClInclude Include="openwithex_priv.h">
      <Filter>Header Files</Filter>
    </ClInclude>
    <ClInclude Include="openwithex.h">
      <Filter>Header Files</Filter>
    </ClInclude>
    <ClInclude Include="util.h">
      <Filter>Header Files</Filter>
    </ClInclude>
    <ClInclude Include="process_and_thread_refhost.h">
      <Filter>Header Files</Filter>
    </ClInclude>
    <ClInclude Include="file_sys_bind_data.h">
      <Filter>Header Files</Filter>
    </ClInclude>
    <ClInclude Include="dialog.h">
      <Filter>Header Files</Filter>
    </ClInclude>
    <ClInclude Include="openwithex_ui.h">
      <Filter>Header Files</Filter>
    </ClInclude>
    <ClInclude Include="interfaces.h">
      <Filter>Header Files</Filter>
    </ClInclude>
    <ClInclude Include="openwithex_launcher.h">
      <Filter>Header Files</Filter>
    </ClInclude>
    <ClInclude Include="undoc.h">
      <Filter>Header Files</Filter>
    </ClInclude>
    <ClInclude Include="caller_identity.h">
      <Filter>Header Files</Filter>
    </ClInclude>
    <ClInclude Include="rpc_options_helper.h">
      <Filter>Header Files</Filter>
    </ClInclude>
    <ClInclude Include="execute_item.h">
      <Filter>Header Files</Filter>
    </ClInclude>
    <ClInclude Include="wil_priv.h">
      <Filter>Header Files</Filter>
    </ClInclude>
  </ItemGroup>
  <ItemGroup>
    <ClCompile Include="openwithex.cpp">
      <Filter>Source Files</Filter>
    </ClCompile>
    <ClCompile Include="process_and_thread_refhost.cpp">
      <Filter>Source Files</Filter>
    </ClCompile>
    <ClCompile Include="file_sys_bind_data.cpp">
      <Filter>Source Files</Filter>
    </ClCompile>
    <ClCompile Include="util.cpp">
      <Filter>Source Files</Filter>
    </ClCompile>
    <ClCompile Include="dialog.cpp">
      <Filter>Source Files</Filter>
    </ClCompile>
    <ClCompile Include="openwithex_ui.cpp">
      <Filter>Source Files</Filter>
    </ClCompile>
    <ClCompile Include="openwithex_launcher.cpp">
      <Filter>Source Files</Filter>
    </ClCompile>
    <ClCompile Include="execute_item.cpp">
      <Filter>Source Files</Filter>
    </ClCompile>
  </ItemGroup>
  <ItemGroup>
    <Xml Include="openwithex.rcconfig">
      <Filter>Resource Files</Filter>
    </Xml>
  </ItemGroup>
  <ItemGroup>
    <None Include="defs\shcorep.def">
      <Filter>Module Definition Files</Filter>
    </None>
    <None Include="defs\shell32p.def">
      <Filter>Module Definition Files</Filter>
    </None>
    <None Include="defs\user32p.def">
      <Filter>Module Definition Files</Filter>
    </None>
  </ItemGroup>
</Project>